# This file is automatically @generated by Cargo.
# It is not intended for manual editing.
version = 4

[[package]]
name = "nocompile"
version = "0.5.0"
source = "registry+https://github.com/rust-lang/crates.io-index"
checksum = "7326b2d36a078f26ffdd1652bbb37d2692963c98afd49f0d49a01c02521d8146"

[[package]]
name = "portable-pod"
version = "0.1.0"
dependencies = [
 "nocompile",
 "portable-pod-derive",
]

[[package]]
name = "portable-pod-derive"
version = "0.1.0"
dependencies = [
 "portable-pod",
]
