# This file is automatically @generated by Cargo.
# It is not intended for manual editing.
version = 4

[[package]]
name = "nocompile"
version = "0.6.0"
source = "registry+https://github.com/rust-lang/crates.io-index"
checksum = "2ea1cd8a3acfd16db98b557348711772b151166192c5250392601178e5eab257"

[[package]]
name = "portable-pod"
version = "0.1.1"
dependencies = [
 "nocompile",
 "portable-pod-derive",
]

[[package]]
name = "portable-pod-derive"
version = "0.1.1"
dependencies = [
 "portable-pod",
]
